
Microsoft Visual Studio Solution File, Format Version 12.00
# Visual Studio Version 17
VisualStudioVersion = 17.10.35013.160
MinimumVisualStudioVersion = 10.0.40219.1
Project("{9A19103F-16F7-4668-BE54-9A1E7A4F7556}") = "XOTaskServerSide", "XOTaskServerSide.csproj", "{9463FE93-9979-4830-87FA-A412E1DDA695}"
EndProject
Project("{FAE04EC0-301F-11D3-BF4B-00C04F79EFBC}") = "XOTaskClientSide", "..\XOTaskClientSide\XOTaskClientSide.csproj", "{96DD0D01-A89E-40A6-AB0F-6BE9605ED203}"
EndProject
Global
	GlobalSection(SolutionConfigurationPlatforms) = preSolution
		Debug|Any CPU = Debug|Any CPU
		Release|Any CPU = Release|Any CPU
	EndGlobalSection
	GlobalSection(ProjectConfigurationPlatforms) = postSolution
		{9463FE93-9979-4830-87FA-A412E1DDA695}.Debug|Any CPU.ActiveCfg = Debug|Any CPU
		{9463FE93-9979-4830-87FA-A412E1DDA695}.Debug|Any CPU.Build.0 = Debug|Any CPU
		{9463FE93-9979-4830-87FA-A412E1DDA695}.Release|Any CPU.ActiveCfg = Release|Any CPU
		{9463FE93-9979-4830-87FA-A412E1DDA695}.Release|Any CPU.Build.0 = Release|Any CPU
		{96DD0D01-A89E-40A6-AB0F-6BE9605ED203}.Debug|Any CPU.ActiveCfg = Debug|Any CPU
		{96DD0D01-A89E-40A6-AB0F-6BE9605ED203}.Debug|Any CPU.Build.0 = Debug|Any CPU
		{96DD0D01-A89E-40A6-AB0F-6BE9605ED203}.Release|Any CPU.ActiveCfg = Release|Any CPU
		{96DD0D01-A89E-40A6-AB0F-6BE9605ED203}.Release|Any CPU.Build.0 = Release|Any CPU
	EndGlobalSection
	GlobalSection(SolutionProperties) = preSolution
		HideSolutionNode = FALSE
	EndGlobalSection
	GlobalSection(ExtensibilityGlobals) = postSolution
		SolutionGuid = {146C83B8-82B5-45BB-93AC-71FF5E43A311}
	EndGlobalSection
EndGlobal
